
Microsoft Visual Studio Solution File, Format Version 12.00
# Visual Studio 15
VisualStudioVersion = 15.0.26124.0
MinimumVisualStudioVersion = 15.0.26124.0
Project("{9A19103F-16F7-4668-BE54-9A1E7A4F7556}") = "R5T.Jutland.Newtonsoft.Construction", "R5T.Jutland.Newtonsoft.Construction\R5T.Jutland.Newtonsoft.Construction.csproj", "{D188ABB5-EF9B-4191-B67F-641310837BCB}"
EndProject
Project("{9A19103F-16F7-4668-BE54-9A1E7A4F7556}") = "R5T.Jutland.Newtonsoft", "R5T.Jutland.Newtonsoft\R5T.Jutland.Newtonsoft.csproj", "{D8BD0EF2-96D7-4333-93CA-A24048DA8CD1}"
EndProject
Project("{9A19103F-16F7-4668-BE54-9A1E7A4F7556}") = "R5T.Jutland.Newtonsoft.Testing", "R5T.Jutland.Newtonsoft.Testing\R5T.Jutland.Newtonsoft.Testing.csproj", "{8AFA8144-69E3-45C4-8937-09F3A6400961}"
EndProject
Project("{2150E333-8FDC-42A3-9474-1A3956D46DE8}") = "_Dependencies", "_Dependencies", "{91BCEEF6-A971-4042-9E00-33E67ECA28A4}"
EndProject
Project("{9A19103F-16F7-4668-BE54-9A1E7A4F7556}") = "R5T.Jutland.Base", "..\..\R5T.Jutland.Base\source\R5T.Jutland.Base\R5T.Jutland.Base.csproj", "{7C690317-0097-4E46-BE8B-358ED18140FD}"
EndProject
Project("{9A19103F-16F7-4668-BE54-9A1E7A4F7556}") = "R5T.Newport", "..\..\R5T.Newport\source\R5T.Newport\R5T.Newport.csproj", "{86314FA1-044C-4BB0-89E0-D6A345934079}"
EndProject
Global
	GlobalSection(SolutionConfigurationPlatforms) = preSolution
		Debug|Any CPU = Debug|Any CPU
		Debug|x64 = Debug|x64
		Debug|x86 = Debug|x86
		Release|Any CPU = Release|Any CPU
		Release|x64 = Release|x64
		Release|x86 = Release|x86
	EndGlobalSection
	GlobalSection(ProjectConfigurationPlatforms) = postSolution
		{D188ABB5-EF9B-4191-B67F-641310837BCB}.Debug|Any CPU.ActiveCfg = Debug|Any CPU
		{D188ABB5-EF9B-4191-B67F-641310837BCB}.Debug|Any CPU.Build.0 = Debug|Any CPU
		{D188ABB5-EF9B-4191-B67F-641310837BCB}.Debug|x64.ActiveCfg = Debug|Any CPU
		{D188ABB5-EF9B-4191-B67F-641310837BCB}.Debug|x64.Build.0 = Debug|Any CPU
		{D188ABB5-EF9B-4191-B67F-641310837BCB}.Debug|x86.ActiveCfg = Debug|Any CPU
		{D188ABB5-EF9B-4191-B67F-641310837BCB}.Debug|x86.Build.0 = Debug|Any CPU
		{D188ABB5-EF9B-4191-B67F-641310837BCB}.Release|Any CPU.ActiveCfg = Release|Any CPU
		{D188ABB5-EF9B-4191-B67F-641310837BCB}.Release|Any CPU.Build.0 = Release|Any CPU
		{D188ABB5-EF9B-4191-B67F-641310837BCB}.Release|x64.ActiveCfg = Release|Any CPU
		{D188ABB5-EF9B-4191-B67F-641310837BCB}.Release|x64.Build.0 = Release|Any CPU
		{D188ABB5-EF9B-4191-B67F-641310837BCB}.Release|x86.ActiveCfg = Release|Any CPU
		{D188ABB5-EF9B-4191-B67F-641310837BCB}.Release|x86.Build.0 = Release|Any CPU
		{D8BD0EF2-96D7-4333-93CA-A24048DA8CD1}.Debug|Any CPU.ActiveCfg = Debug|Any CPU
		{D8BD0EF2-96D7-4333-93CA-A24048DA8CD1}.Debug|Any CPU.Build.0 = Debug|Any CPU
		{D8BD0EF2-96D7-4333-93CA-A24048DA8CD1}.Debug|x64.ActiveCfg = Debug|Any CPU
		{D8BD0EF2-96D7-4333-93CA-A24048DA8CD1}.Debug|x64.Build.0 = Debug|Any CPU
		{D8BD0EF2-96D7-4333-93CA-A24048DA8CD1}.Debug|x86.ActiveCfg = Debug|Any CPU
		{D8BD0EF2-96D7-4333-93CA-A24048DA8CD1}.Debug|x86.Build.0 = Debug|Any CPU
		{D8BD0EF2-96D7-4333-93CA-A24048DA8CD1}.Release|Any CPU.ActiveCfg = Release|Any CPU
		{D8BD0EF2-96D7-4333-93CA-A24048DA8CD1}.Release|Any CPU.Build.0 = Release|Any CPU
		{D8BD0EF2-96D7-4333-93CA-A24048DA8CD1}.Release|x64.ActiveCfg = Release|Any CPU
		{D8BD0EF2-96D7-4333-93CA-A24048DA8CD1}.Release|x64.Build.0 = Release|Any CPU
		{D8BD0EF2-96D7-4333-93CA-A24048DA8CD1}.Release|x86.ActiveCfg = Release|Any CPU
		{D8BD0EF2-96D7-4333-93CA-A24048DA8CD1}.Release|x86.Build.0 = Release|Any CPU
		{8AFA8144-69E3-45C4-8937-09F3A6400961}.Debug|Any CPU.ActiveCfg = Debug|Any CPU
		{8AFA8144-69E3-45C4-8937-09F3A6400961}.Debug|Any CPU.Build.0 = Debug|Any CPU
		{8AFA8144-69E3-45C4-8937-09F3A6400961}.Debug|x64.ActiveCfg = Debug|Any CPU
		{8AFA8144-69E3-45C4-8937-09F3A6400961}.Debug|x64.Build.0 = Debug|Any CPU
		{8AFA8144-69E3-45C4-8937-09F3A6400961}.Debug|x86.ActiveCfg = Debug|Any CPU
		{8AFA8144-69E3-45C4-8937-09F3A6400961}.Debug|x86.Build.0 = Debug|Any CPU
		{8AFA8144-69E3-45C4-8937-09F3A6400961}.Release|Any CPU.ActiveCfg = Release|Any CPU
		{8AFA8144-69E3-45C4-8937-09F3A6400961}.Release|Any CPU.Build.0 = Release|Any CPU
		{8AFA8144-69E3-45C4-8937-09F3A6400961}.Release|x64.ActiveCfg = Release|Any CPU
		{8AFA8144-69E3-45C4-8937-09F3A6400961}.Release|x64.Build.0 = Release|Any CPU
		{8AFA8144-69E3-45C4-8937-09F3A6400961}.Release|x86.ActiveCfg = Release|Any CPU
		{8AFA8144-69E3-45C4-8937-09F3A6400961}.Release|x86.Build.0 = Release|Any CPU
		{7C690317-0097-4E46-BE8B-358ED18140FD}.Debug|Any CPU.ActiveCfg = Debug|Any CPU
		{7C690317-0097-4E46-BE8B-358ED18140FD}.Debug|Any CPU.Build.0 = Debug|Any CPU
		{7C690317-0097-4E46-BE8B-358ED18140FD}.Debug|x64.ActiveCfg = Debug|Any CPU
		{7C690317-0097-4E46-BE8B-358ED18140FD}.Debug|x64.Build.0 = Debug|Any CPU
		{7C690317-0097-4E46-BE8B-358ED18140FD}.Debug|x86.ActiveCfg = Debug|Any CPU
		{7C690317-0097-4E46-BE8B-358ED18140FD}.Debug|x86.Build.0 = Debug|Any CPU
		{7C690317-0097-4E46-BE8B-358ED18140FD}.Release|Any CPU.ActiveCfg = Release|Any CPU
		{7C690317-0097-4E46-BE8B-358ED18140FD}.Release|Any CPU.Build.0 = Release|Any CPU
		{7C690317-0097-4E46-BE8B-358ED18140FD}.Release|x64.ActiveCfg = Release|Any CPU
		{7C690317-0097-4E46-BE8B-358ED18140FD}.Release|x64.Build.0 = Release|Any CPU
		{7C690317-0097-4E46-BE8B-358ED18140FD}.Release|x86.ActiveCfg = Release|Any CPU
		{7C690317-0097-4E46-BE8B-358ED18140FD}.Release|x86.Build.0 = Release|Any CPU
		{86314FA1-044C-4BB0-89E0-D6A345934079}.Debug|Any CPU.ActiveCfg = Debug|Any CPU
		{86314FA1-044C-4BB0-89E0-D6A345934079}.Debug|Any CPU.Build.0 = Debug|Any CPU
		{86314FA1-044C-4BB0-89E0-D6A345934079}.Debug|x64.ActiveCfg = Debug|Any CPU
		{86314FA1-044C-4BB0-89E0-D6A345934079}.Debug|x64.Build.0 = Debug|Any CPU
		{86314FA1-044C-4BB0-89E0-D6A345934079}.Debug|x86.ActiveCfg = Debug|Any CPU
		{86314FA1-044C-4BB0-89E0-D6A345934079}.Debug|x86.Build.0 = Debug|Any CPU
		{86314FA1-044C-4BB0-89E0-D6A345934079}.Release|Any CPU.ActiveCfg = Release|Any CPU
		{86314FA1-044C-4BB0-89E0-D6A345934079}.Release|Any CPU.Build.0 = Release|Any CPU
		{86314FA1-044C-4BB0-89E0-D6A345934079}.Release|x64.ActiveCfg = Release|Any CPU
		{86314FA1-044C-4BB0-89E0-D6A345934079}.Release|x64.Build.0 = Release|Any CPU
		{86314FA1-044C-4BB0-89E0-D6A345934079}.Release|x86.ActiveCfg = Release|Any CPU
		{86314FA1-044C-4BB0-89E0-D6A345934079}.Release|x86.Build.0 = Release|Any CPU
	EndGlobalSection
	GlobalSection(SolutionProperties) = preSolution
		HideSolutionNode = FALSE
	EndGlobalSection
	GlobalSection(NestedProjects) = preSolution
		{7C690317-0097-4E46-BE8B-358ED18140FD} = {91BCEEF6-A971-4042-9E00-33E67ECA28A4}
		{86314FA1-044C-4BB0-89E0-D6A345934079} = {91BCEEF6-A971-4042-9E00-33E67ECA28A4}
	EndGlobalSection
	GlobalSection(ExtensibilityGlobals) = postSolution
		SolutionGuid = {000BDC97-A34E-4EDF-B550-183491F3B61B}
	EndGlobalSection
EndGlobal
