
Microsoft Visual Studio Solution File, Format Version 12.00
# Visual Studio Version 16
VisualStudioVersion = 16.0.30114.105
MinimumVisualStudioVersion = 10.0.40219.1
Project("{FAE04EC0-301F-11D3-BF4B-00C04F79EFBC}") = "R5T.Jutland.Newtonsoft", "R5T.Jutland.Newtonsoft\R5T.Jutland.Newtonsoft.csproj", "{673F73F7-E2A1-48EA-86DE-8717C8ADDE08}"
EndProject
Project("{FAE04EC0-301F-11D3-BF4B-00C04F79EFBC}") = "R5T.Jutland.Newtonsoft.Construction", "R5T.Jutland.Newtonsoft.Construction\R5T.Jutland.Newtonsoft.Construction.csproj", "{64BF591F-D181-4B3A-BD92-1AFA6CC58D79}"
EndProject
Project("{FAE04EC0-301F-11D3-BF4B-00C04F79EFBC}") = "R5T.Jutland.Newtonsoft.Testing", "R5T.Jutland.Newtonsoft.Testing\R5T.Jutland.Newtonsoft.Testing.csproj", "{C4EE4688-49B9-4997-8BB7-DC116D8640AE}"
EndProject
Global
	GlobalSection(SolutionConfigurationPlatforms) = preSolution
		Debug|Any CPU = Debug|Any CPU
		Debug|x64 = Debug|x64
		Debug|x86 = Debug|x86
		Release|Any CPU = Release|Any CPU
		Release|x64 = Release|x64
		Release|x86 = Release|x86
	EndGlobalSection
	GlobalSection(SolutionProperties) = preSolution
		HideSolutionNode = FALSE
	EndGlobalSection
	GlobalSection(ProjectConfigurationPlatforms) = postSolution
		{673F73F7-E2A1-48EA-86DE-8717C8ADDE08}.Debug|Any CPU.ActiveCfg = Debug|Any CPU
		{673F73F7-E2A1-48EA-86DE-8717C8ADDE08}.Debug|Any CPU.Build.0 = Debug|Any CPU
		{673F73F7-E2A1-48EA-86DE-8717C8ADDE08}.Debug|x64.ActiveCfg = Debug|Any CPU
		{673F73F7-E2A1-48EA-86DE-8717C8ADDE08}.Debug|x64.Build.0 = Debug|Any CPU
		{673F73F7-E2A1-48EA-86DE-8717C8ADDE08}.Debug|x86.ActiveCfg = Debug|Any CPU
		{673F73F7-E2A1-48EA-86DE-8717C8ADDE08}.Debug|x86.Build.0 = Debug|Any CPU
		{673F73F7-E2A1-48EA-86DE-8717C8ADDE08}.Release|Any CPU.ActiveCfg = Release|Any CPU
		{673F73F7-E2A1-48EA-86DE-8717C8ADDE08}.Release|Any CPU.Build.0 = Release|Any CPU
		{673F73F7-E2A1-48EA-86DE-8717C8ADDE08}.Release|x64.ActiveCfg = Release|Any CPU
		{673F73F7-E2A1-48EA-86DE-8717C8ADDE08}.Release|x64.Build.0 = Release|Any CPU
		{673F73F7-E2A1-48EA-86DE-8717C8ADDE08}.Release|x86.ActiveCfg = Release|Any CPU
		{673F73F7-E2A1-48EA-86DE-8717C8ADDE08}.Release|x86.Build.0 = Release|Any CPU
		{64BF591F-D181-4B3A-BD92-1AFA6CC58D79}.Debug|Any CPU.ActiveCfg = Debug|Any CPU
		{64BF591F-D181-4B3A-BD92-1AFA6CC58D79}.Debug|Any CPU.Build.0 = Debug|Any CPU
		{64BF591F-D181-4B3A-BD92-1AFA6CC58D79}.Debug|x64.ActiveCfg = Debug|Any CPU
		{64BF591F-D181-4B3A-BD92-1AFA6CC58D79}.Debug|x64.Build.0 = Debug|Any CPU
		{64BF591F-D181-4B3A-BD92-1AFA6CC58D79}.Debug|x86.ActiveCfg = Debug|Any CPU
		{64BF591F-D181-4B3A-BD92-1AFA6CC58D79}.Debug|x86.Build.0 = Debug|Any CPU
		{64BF591F-D181-4B3A-BD92-1AFA6CC58D79}.Release|Any CPU.ActiveCfg = Release|Any CPU
		{64BF591F-D181-4B3A-BD92-1AFA6CC58D79}.Release|Any CPU.Build.0 = Release|Any CPU
		{64BF591F-D181-4B3A-BD92-1AFA6CC58D79}.Release|x64.ActiveCfg = Release|Any CPU
		{64BF591F-D181-4B3A-BD92-1AFA6CC58D79}.Release|x64.Build.0 = Release|Any CPU
		{64BF591F-D181-4B3A-BD92-1AFA6CC58D79}.Release|x86.ActiveCfg = Release|Any CPU
		{64BF591F-D181-4B3A-BD92-1AFA6CC58D79}.Release|x86.Build.0 = Release|Any CPU
		{C4EE4688-49B9-4997-8BB7-DC116D8640AE}.Debug|Any CPU.ActiveCfg = Debug|Any CPU
		{C4EE4688-49B9-4997-8BB7-DC116D8640AE}.Debug|Any CPU.Build.0 = Debug|Any CPU
		{C4EE4688-49B9-4997-8BB7-DC116D8640AE}.Debug|x64.ActiveCfg = Debug|Any CPU
		{C4EE4688-49B9-4997-8BB7-DC116D8640AE}.Debug|x64.Build.0 = Debug|Any CPU
		{C4EE4688-49B9-4997-8BB7-DC116D8640AE}.Debug|x86.ActiveCfg = Debug|Any CPU
		{C4EE4688-49B9-4997-8BB7-DC116D8640AE}.Debug|x86.Build.0 = Debug|Any CPU
		{C4EE4688-49B9-4997-8BB7-DC116D8640AE}.Release|Any CPU.ActiveCfg = Release|Any CPU
		{C4EE4688-49B9-4997-8BB7-DC116D8640AE}.Release|Any CPU.Build.0 = Release|Any CPU
		{C4EE4688-49B9-4997-8BB7-DC116D8640AE}.Release|x64.ActiveCfg = Release|Any CPU
		{C4EE4688-49B9-4997-8BB7-DC116D8640AE}.Release|x64.Build.0 = Release|Any CPU
		{C4EE4688-49B9-4997-8BB7-DC116D8640AE}.Release|x86.ActiveCfg = Release|Any CPU
		{C4EE4688-49B9-4997-8BB7-DC116D8640AE}.Release|x86.Build.0 = Release|Any CPU
	EndGlobalSection
EndGlobal
